
Microsoft Visual Studio Solution File, Format Version 12.00
# Visual Studio Version 16
VisualStudioVersion = 16.0.30717.126
MinimumVisualStudioVersion = 10.0.40219.1
Project("{9A19103F-16F7-4668-BE54-9A1E7A4F7556}") = "SolidPrinciples", "SOLID-principles\SolidPrinciples.csproj", "{02AC5632-FF1F-4798-8117-AB2FB3009E4E}"
EndProject
Project("{9A19103F-16F7-4668-BE54-9A1E7A4F7556}") = "01-BuilderPattern", "BuilderPattern\01-BuilderPattern.csproj", "{15383441-EA60-4DE3-A74A-CB12F00B8AD0}"
EndProject
Project("{9A19103F-16F7-4668-BE54-9A1E7A4F7556}") = "02-FactoryPattern", "FactoryPattern\02-FactoryPattern.csproj", "{EEDE8125-0EE6-4740-AF95-7D3CAAEF4672}"
EndProject
Project("{9A19103F-16F7-4668-BE54-9A1E7A4F7556}") = "03-PrototypePattern", "PrototypePattern\03-PrototypePattern.csproj", "{1FFE3538-1797-4A56-A926-7467AA1CA11A}"
EndProject
Project("{9A19103F-16F7-4668-BE54-9A1E7A4F7556}") = "04-SingletonPattern", "SingletonPattern\04-SingletonPattern.csproj", "{7CC1758D-CD9F-48E4-B458-C94638E2C3A4}"
EndProject
Project("{2150E333-8FDC-42A3-9474-1A3956D46DE8}") = "01-CreationalPatterns", "01-CreationalPatterns", "{B8E76CE6-3B15-4FE7-BC47-05AA6A88971F}"
EndProject
Project("{2150E333-8FDC-42A3-9474-1A3956D46DE8}") = "02-StructuralPatterns", "02-StructuralPatterns", "{A9EEB6F3-4967-496F-B9D2-BBCAC385935F}"
EndProject
Project("{2150E333-8FDC-42A3-9474-1A3956D46DE8}") = "03-BehavioralPatterns", "03-BehavioralPatterns", "{D6674FE2-F677-4FB4-9C8F-665E883825E0}"
EndProject
Project("{FAE04EC0-301F-11D3-BF4B-00C04F79EFBC}") = "01-AdapterPattern", "01-AdapterPattern\01-AdapterPattern.csproj", "{F141E81C-6344-4F42-BC46-D52BEAE9ADBD}"
EndProject
Global
	GlobalSection(SolutionConfigurationPlatforms) = preSolution
		Debug|Any CPU = Debug|Any CPU
		Release|Any CPU = Release|Any CPU
	EndGlobalSection
	GlobalSection(ProjectConfigurationPlatforms) = postSolution
		{02AC5632-FF1F-4798-8117-AB2FB3009E4E}.Debug|Any CPU.ActiveCfg = Debug|Any CPU
		{02AC5632-FF1F-4798-8117-AB2FB3009E4E}.Debug|Any CPU.Build.0 = Debug|Any CPU
		{02AC5632-FF1F-4798-8117-AB2FB3009E4E}.Release|Any CPU.ActiveCfg = Release|Any CPU
		{02AC5632-FF1F-4798-8117-AB2FB3009E4E}.Release|Any CPU.Build.0 = Release|Any CPU
		{15383441-EA60-4DE3-A74A-CB12F00B8AD0}.Debug|Any CPU.ActiveCfg = Debug|Any CPU
		{15383441-EA60-4DE3-A74A-CB12F00B8AD0}.Debug|Any CPU.Build.0 = Debug|Any CPU
		{15383441-EA60-4DE3-A74A-CB12F00B8AD0}.Release|Any CPU.ActiveCfg = Release|Any CPU
		{15383441-EA60-4DE3-A74A-CB12F00B8AD0}.Release|Any CPU.Build.0 = Release|Any CPU
		{EEDE8125-0EE6-4740-AF95-7D3CAAEF4672}.Debug|Any CPU.ActiveCfg = Debug|Any CPU
		{EEDE8125-0EE6-4740-AF95-7D3CAAEF4672}.Debug|Any CPU.Build.0 = Debug|Any CPU
		{EEDE8125-0EE6-4740-AF95-7D3CAAEF4672}.Release|Any CPU.ActiveCfg = Release|Any CPU
		{EEDE8125-0EE6-4740-AF95-7D3CAAEF4672}.Release|Any CPU.Build.0 = Release|Any CPU
		{1FFE3538-1797-4A56-A926-7467AA1CA11A}.Debug|Any CPU.ActiveCfg = Debug|Any CPU
		{1FFE3538-1797-4A56-A926-7467AA1CA11A}.Debug|Any CPU.Build.0 = Debug|Any CPU
		{1FFE3538-1797-4A56-A926-7467AA1CA11A}.Release|Any CPU.ActiveCfg = Release|Any CPU
		{1FFE3538-1797-4A56-A926-7467AA1CA11A}.Release|Any CPU.Build.0 = Release|Any CPU
		{7CC1758D-CD9F-48E4-B458-C94638E2C3A4}.Debug|Any CPU.ActiveCfg = Debug|Any CPU
		{7CC1758D-CD9F-48E4-B458-C94638E2C3A4}.Debug|Any CPU.Build.0 = Debug|Any CPU
		{7CC1758D-CD9F-48E4-B458-C94638E2C3A4}.Release|Any CPU.ActiveCfg = Release|Any CPU
		{7CC1758D-CD9F-48E4-B458-C94638E2C3A4}.Release|Any CPU.Build.0 = Release|Any CPU
		{F141E81C-6344-4F42-BC46-D52BEAE9ADBD}.Debug|Any CPU.ActiveCfg = Debug|Any CPU
		{F141E81C-6344-4F42-BC46-D52BEAE9ADBD}.Debug|Any CPU.Build.0 = Debug|Any CPU
		{F141E81C-6344-4F42-BC46-D52BEAE9ADBD}.Release|Any CPU.ActiveCfg = Release|Any CPU
		{F141E81C-6344-4F42-BC46-D52BEAE9ADBD}.Release|Any CPU.Build.0 = Release|Any CPU
	EndGlobalSection
	GlobalSection(SolutionProperties) = preSolution
		HideSolutionNode = FALSE
	EndGlobalSection
	GlobalSection(NestedProjects) = preSolution
		{15383441-EA60-4DE3-A74A-CB12F00B8AD0} = {B8E76CE6-3B15-4FE7-BC47-05AA6A88971F}
		{EEDE8125-0EE6-4740-AF95-7D3CAAEF4672} = {B8E76CE6-3B15-4FE7-BC47-05AA6A88971F}
		{1FFE3538-1797-4A56-A926-7467AA1CA11A} = {B8E76CE6-3B15-4FE7-BC47-05AA6A88971F}
		{7CC1758D-CD9F-48E4-B458-C94638E2C3A4} = {B8E76CE6-3B15-4FE7-BC47-05AA6A88971F}
		{F141E81C-6344-4F42-BC46-D52BEAE9ADBD} = {A9EEB6F3-4967-496F-B9D2-BBCAC385935F}
	EndGlobalSection
	GlobalSection(ExtensibilityGlobals) = postSolution
		SolutionGuid = {E6EE3866-ECD8-44E4-BB5B-4B330F33A5AD}
	EndGlobalSection
EndGlobal
