
Microsoft Visual Studio Solution File, Format Version 12.00
# Visual Studio Version 16
VisualStudioVersion = 16.0.30717.126
MinimumVisualStudioVersion = 10.0.40219.1
Project("{9A19103F-16F7-4668-BE54-9A1E7A4F7556}") = "SOLID-principles", "SOLID-principles\SOLID-principles.csproj", "{02AC5632-FF1F-4798-8117-AB2FB3009E4E}"
EndProject
Project("{9A19103F-16F7-4668-BE54-9A1E7A4F7556}") = "BuilderPattern", "BuilderPattern\BuilderPattern.csproj", "{15383441-EA60-4DE3-A74A-CB12F00B8AD0}"
EndProject
Project("{9A19103F-16F7-4668-BE54-9A1E7A4F7556}") = "FactoryPattern", "FactoryPattern\FactoryPattern.csproj", "{EEDE8125-0EE6-4740-AF95-7D3CAAEF4672}"
EndProject
Project("{9A19103F-16F7-4668-BE54-9A1E7A4F7556}") = "PrototypePattern", "PrototypePattern\PrototypePattern.csproj", "{1FFE3538-1797-4A56-A926-7467AA1CA11A}"
EndProject
Project("{FAE04EC0-301F-11D3-BF4B-00C04F79EFBC}") = "SingletonPattern", "SingletonPattern\SingletonPattern.csproj", "{7CC1758D-CD9F-48E4-B458-C94638E2C3A4}"
EndProject
Global
	GlobalSection(SolutionConfigurationPlatforms) = preSolution
		Debug|Any CPU = Debug|Any CPU
		Release|Any CPU = Release|Any CPU
	EndGlobalSection
	GlobalSection(ProjectConfigurationPlatforms) = postSolution
		{02AC5632-FF1F-4798-8117-AB2FB3009E4E}.Debug|Any CPU.ActiveCfg = Debug|Any CPU
		{02AC5632-FF1F-4798-8117-AB2FB3009E4E}.Debug|Any CPU.Build.0 = Debug|Any CPU
		{02AC5632-FF1F-4798-8117-AB2FB3009E4E}.Release|Any CPU.ActiveCfg = Release|Any CPU
		{02AC5632-FF1F-4798-8117-AB2FB3009E4E}.Release|Any CPU.Build.0 = Release|Any CPU
		{15383441-EA60-4DE3-A74A-CB12F00B8AD0}.Debug|Any CPU.ActiveCfg = Debug|Any CPU
		{15383441-EA60-4DE3-A74A-CB12F00B8AD0}.Debug|Any CPU.Build.0 = Debug|Any CPU
		{15383441-EA60-4DE3-A74A-CB12F00B8AD0}.Release|Any CPU.ActiveCfg = Release|Any CPU
		{15383441-EA60-4DE3-A74A-CB12F00B8AD0}.Release|Any CPU.Build.0 = Release|Any CPU
		{EEDE8125-0EE6-4740-AF95-7D3CAAEF4672}.Debug|Any CPU.ActiveCfg = Debug|Any CPU
		{EEDE8125-0EE6-4740-AF95-7D3CAAEF4672}.Debug|Any CPU.Build.0 = Debug|Any CPU
		{EEDE8125-0EE6-4740-AF95-7D3CAAEF4672}.Release|Any CPU.ActiveCfg = Release|Any CPU
		{EEDE8125-0EE6-4740-AF95-7D3CAAEF4672}.Release|Any CPU.Build.0 = Release|Any CPU
		{1FFE3538-1797-4A56-A926-7467AA1CA11A}.Debug|Any CPU.ActiveCfg = Debug|Any CPU
		{1FFE3538-1797-4A56-A926-7467AA1CA11A}.Debug|Any CPU.Build.0 = Debug|Any CPU
		{1FFE3538-1797-4A56-A926-7467AA1CA11A}.Release|Any CPU.ActiveCfg = Release|Any CPU
		{1FFE3538-1797-4A56-A926-7467AA1CA11A}.Release|Any CPU.Build.0 = Release|Any CPU
		{7CC1758D-CD9F-48E4-B458-C94638E2C3A4}.Debug|Any CPU.ActiveCfg = Debug|Any CPU
		{7CC1758D-CD9F-48E4-B458-C94638E2C3A4}.Debug|Any CPU.Build.0 = Debug|Any CPU
		{7CC1758D-CD9F-48E4-B458-C94638E2C3A4}.Release|Any CPU.ActiveCfg = Release|Any CPU
		{7CC1758D-CD9F-48E4-B458-C94638E2C3A4}.Release|Any CPU.Build.0 = Release|Any CPU
	EndGlobalSection
	GlobalSection(SolutionProperties) = preSolution
		HideSolutionNode = FALSE
	EndGlobalSection
	GlobalSection(ExtensibilityGlobals) = postSolution
		SolutionGuid = {E6EE3866-ECD8-44E4-BB5B-4B330F33A5AD}
	EndGlobalSection
EndGlobal
