
Microsoft Visual Studio Solution File, Format Version 12.00
# Visual Studio Version 17
VisualStudioVersion = 17.1.32228.430
MinimumVisualStudioVersion = 10.0.40219.1
Project("{9A19103F-16F7-4668-BE54-9A1E7A4F7556}") = "SolidPrinciples", "SOLID-principles\SolidPrinciples.csproj", "{02AC5632-FF1F-4798-8117-AB2FB3009E4E}"
EndProject
Project("{2150E333-8FDC-42A3-9474-1A3956D46DE8}") = "01-CreationalPatterns", "01-CreationalPatterns", "{B8E76CE6-3B15-4FE7-BC47-05AA6A88971F}"
EndProject
Project("{2150E333-8FDC-42A3-9474-1A3956D46DE8}") = "02-StructuralPatterns", "02-StructuralPatterns", "{A9EEB6F3-4967-496F-B9D2-BBCAC385935F}"
EndProject
Project("{2150E333-8FDC-42A3-9474-1A3956D46DE8}") = "03-BehavioralPatterns", "03-BehavioralPatterns", "{D6674FE2-F677-4FB4-9C8F-665E883825E0}"
EndProject
Project("{9A19103F-16F7-4668-BE54-9A1E7A4F7556}") = "01-AdapterPattern", "01-AdapterPattern\01-AdapterPattern.csproj", "{F141E81C-6344-4F42-BC46-D52BEAE9ADBD}"
EndProject
Project("{9A19103F-16F7-4668-BE54-9A1E7A4F7556}") = "01-BuilderPattern", "01-BuilderPattern\01-BuilderPattern.csproj", "{385D97D2-6669-4395-A9BC-D1EF1C611739}"
EndProject
Project("{9A19103F-16F7-4668-BE54-9A1E7A4F7556}") = "02-FactoryPattern", "02-FactoryPattern\02-FactoryPattern.csproj", "{8473F406-8455-4E28-B77E-275F2ECD01B1}"
EndProject
Project("{9A19103F-16F7-4668-BE54-9A1E7A4F7556}") = "03-PrototypePattern", "03-PrototypePattern\03-PrototypePattern.csproj", "{B171B7ED-B51F-4EED-8F70-A77783A3BE9C}"
EndProject
Project("{9A19103F-16F7-4668-BE54-9A1E7A4F7556}") = "04-SingletonPattern", "04-SingletonPattern\04-SingletonPattern.csproj", "{B8BD5977-6A3C-4F37-87A1-9DC134B9901B}"
EndProject
Project("{9A19103F-16F7-4668-BE54-9A1E7A4F7556}") = "02-BridgePattern", "02-BridgePattern\02-BridgePattern.csproj", "{35973007-6659-4A87-B5EE-6C0251CB6D94}"
EndProject
Project("{FAE04EC0-301F-11D3-BF4B-00C04F79EFBC}") = "03-CompositePattern", "03-CompositePattern\03-CompositePattern.csproj", "{09318D8F-FA50-4908-979B-0FB2CF5C39CD}"
EndProject
Global
	GlobalSection(SolutionConfigurationPlatforms) = preSolution
		Debug|Any CPU = Debug|Any CPU
		Release|Any CPU = Release|Any CPU
	EndGlobalSection
	GlobalSection(ProjectConfigurationPlatforms) = postSolution
		{02AC5632-FF1F-4798-8117-AB2FB3009E4E}.Debug|Any CPU.ActiveCfg = Debug|Any CPU
		{02AC5632-FF1F-4798-8117-AB2FB3009E4E}.Debug|Any CPU.Build.0 = Debug|Any CPU
		{02AC5632-FF1F-4798-8117-AB2FB3009E4E}.Release|Any CPU.ActiveCfg = Release|Any CPU
		{02AC5632-FF1F-4798-8117-AB2FB3009E4E}.Release|Any CPU.Build.0 = Release|Any CPU
		{F141E81C-6344-4F42-BC46-D52BEAE9ADBD}.Debug|Any CPU.ActiveCfg = Debug|Any CPU
		{F141E81C-6344-4F42-BC46-D52BEAE9ADBD}.Debug|Any CPU.Build.0 = Debug|Any CPU
		{F141E81C-6344-4F42-BC46-D52BEAE9ADBD}.Release|Any CPU.ActiveCfg = Release|Any CPU
		{F141E81C-6344-4F42-BC46-D52BEAE9ADBD}.Release|Any CPU.Build.0 = Release|Any CPU
		{385D97D2-6669-4395-A9BC-D1EF1C611739}.Debug|Any CPU.ActiveCfg = Debug|Any CPU
		{385D97D2-6669-4395-A9BC-D1EF1C611739}.Debug|Any CPU.Build.0 = Debug|Any CPU
		{385D97D2-6669-4395-A9BC-D1EF1C611739}.Release|Any CPU.ActiveCfg = Release|Any CPU
		{385D97D2-6669-4395-A9BC-D1EF1C611739}.Release|Any CPU.Build.0 = Release|Any CPU
		{8473F406-8455-4E28-B77E-275F2ECD01B1}.Debug|Any CPU.ActiveCfg = Debug|Any CPU
		{8473F406-8455-4E28-B77E-275F2ECD01B1}.Debug|Any CPU.Build.0 = Debug|Any CPU
		{8473F406-8455-4E28-B77E-275F2ECD01B1}.Release|Any CPU.ActiveCfg = Release|Any CPU
		{8473F406-8455-4E28-B77E-275F2ECD01B1}.Release|Any CPU.Build.0 = Release|Any CPU
		{B171B7ED-B51F-4EED-8F70-A77783A3BE9C}.Debug|Any CPU.ActiveCfg = Debug|Any CPU
		{B171B7ED-B51F-4EED-8F70-A77783A3BE9C}.Debug|Any CPU.Build.0 = Debug|Any CPU
		{B171B7ED-B51F-4EED-8F70-A77783A3BE9C}.Release|Any CPU.ActiveCfg = Release|Any CPU
		{B171B7ED-B51F-4EED-8F70-A77783A3BE9C}.Release|Any CPU.Build.0 = Release|Any CPU
		{B8BD5977-6A3C-4F37-87A1-9DC134B9901B}.Debug|Any CPU.ActiveCfg = Debug|Any CPU
		{B8BD5977-6A3C-4F37-87A1-9DC134B9901B}.Debug|Any CPU.Build.0 = Debug|Any CPU
		{B8BD5977-6A3C-4F37-87A1-9DC134B9901B}.Release|Any CPU.ActiveCfg = Release|Any CPU
		{B8BD5977-6A3C-4F37-87A1-9DC134B9901B}.Release|Any CPU.Build.0 = Release|Any CPU
		{35973007-6659-4A87-B5EE-6C0251CB6D94}.Debug|Any CPU.ActiveCfg = Debug|Any CPU
		{35973007-6659-4A87-B5EE-6C0251CB6D94}.Debug|Any CPU.Build.0 = Debug|Any CPU
		{35973007-6659-4A87-B5EE-6C0251CB6D94}.Release|Any CPU.ActiveCfg = Release|Any CPU
		{35973007-6659-4A87-B5EE-6C0251CB6D94}.Release|Any CPU.Build.0 = Release|Any CPU
		{09318D8F-FA50-4908-979B-0FB2CF5C39CD}.Debug|Any CPU.ActiveCfg = Debug|Any CPU
		{09318D8F-FA50-4908-979B-0FB2CF5C39CD}.Debug|Any CPU.Build.0 = Debug|Any CPU
		{09318D8F-FA50-4908-979B-0FB2CF5C39CD}.Release|Any CPU.ActiveCfg = Release|Any CPU
		{09318D8F-FA50-4908-979B-0FB2CF5C39CD}.Release|Any CPU.Build.0 = Release|Any CPU
	EndGlobalSection
	GlobalSection(SolutionProperties) = preSolution
		HideSolutionNode = FALSE
	EndGlobalSection
	GlobalSection(NestedProjects) = preSolution
		{F141E81C-6344-4F42-BC46-D52BEAE9ADBD} = {A9EEB6F3-4967-496F-B9D2-BBCAC385935F}
		{385D97D2-6669-4395-A9BC-D1EF1C611739} = {B8E76CE6-3B15-4FE7-BC47-05AA6A88971F}
		{8473F406-8455-4E28-B77E-275F2ECD01B1} = {B8E76CE6-3B15-4FE7-BC47-05AA6A88971F}
		{B171B7ED-B51F-4EED-8F70-A77783A3BE9C} = {B8E76CE6-3B15-4FE7-BC47-05AA6A88971F}
		{B8BD5977-6A3C-4F37-87A1-9DC134B9901B} = {B8E76CE6-3B15-4FE7-BC47-05AA6A88971F}
		{35973007-6659-4A87-B5EE-6C0251CB6D94} = {A9EEB6F3-4967-496F-B9D2-BBCAC385935F}
		{09318D8F-FA50-4908-979B-0FB2CF5C39CD} = {A9EEB6F3-4967-496F-B9D2-BBCAC385935F}
	EndGlobalSection
	GlobalSection(ExtensibilityGlobals) = postSolution
		SolutionGuid = {E6EE3866-ECD8-44E4-BB5B-4B330F33A5AD}
	EndGlobalSection
EndGlobal
